
Microsoft Visual Studio Solution File, Format Version 12.00
# Visual Studio 15
VisualStudioVersion = 15.0.27428.2005
MinimumVisualStudioVersion = 10.0.40219.1
Project("{FAE04EC0-301F-11D3-BF4B-00C04F79EFBC}") = "RuleSetDesigner", "src\RuleSetDesigner\RuleSetDesigner.csproj", "{FD322937-B9F3-4E8D-A629-BF570E5DC260}"
EndProject
Project("{FAE04EC0-301F-11D3-BF4B-00C04F79EFBC}") = "RuleSetDesignerLauncher", "src\RuleSetDesignerLauncher\RuleSetDesignerLauncher.csproj", "{A3092BD0-CCAD-404C-B748-77DF6962A069}"
EndProject
Project("{FAE04EC0-301F-11D3-BF4B-00C04F79EFBC}") = "RuleSetDesignerLauncher.Tests", "test\RuleSetDesignerLauncher.Tests\RuleSetDesignerLauncher.Tests.csproj", "{606F2B37-FFD1-4E0C-9295-3DC4E448CBF1}"
EndProject
Project("{2150E333-8FDC-42A3-9474-1A3956D46DE8}") = "src", "src", "{A3CB34ED-DDC3-4088-9360-7887ECAF8E1E}"
EndProject
Project("{2150E333-8FDC-42A3-9474-1A3956D46DE8}") = "test", "test", "{54E1B7CB-6132-43D6-8882-79A09AB26E3A}"
EndProject
Project("{FAE04EC0-301F-11D3-BF4B-00C04F79EFBC}") = "DummyAssembly", "test\DummyAssembly\DummyAssembly.csproj", "{86CB9C7B-14B3-4FBC-B6AD-EA7920C3896C}"
EndProject
Project("{FAE04EC0-301F-11D3-BF4B-00C04F79EFBC}") = "DummAssemblyDependency", "test\DummAssemblyDependency\DummAssemblyDependency.csproj", "{C8AC17B7-92DE-4497-B19D-25C525EBD808}"
EndProject
Global
	GlobalSection(SolutionConfigurationPlatforms) = preSolution
		Debug|Any CPU = Debug|Any CPU
		Release|Any CPU = Release|Any CPU
	EndGlobalSection
	GlobalSection(ProjectConfigurationPlatforms) = postSolution
		{FD322937-B9F3-4E8D-A629-BF570E5DC260}.Debug|Any CPU.ActiveCfg = Debug|Any CPU
		{FD322937-B9F3-4E8D-A629-BF570E5DC260}.Debug|Any CPU.Build.0 = Debug|Any CPU
		{FD322937-B9F3-4E8D-A629-BF570E5DC260}.Release|Any CPU.ActiveCfg = Release|Any CPU
		{FD322937-B9F3-4E8D-A629-BF570E5DC260}.Release|Any CPU.Build.0 = Release|Any CPU
		{A3092BD0-CCAD-404C-B748-77DF6962A069}.Debug|Any CPU.ActiveCfg = Debug|Any CPU
		{A3092BD0-CCAD-404C-B748-77DF6962A069}.Debug|Any CPU.Build.0 = Debug|Any CPU
		{A3092BD0-CCAD-404C-B748-77DF6962A069}.Release|Any CPU.ActiveCfg = Release|Any CPU
		{A3092BD0-CCAD-404C-B748-77DF6962A069}.Release|Any CPU.Build.0 = Release|Any CPU
		{606F2B37-FFD1-4E0C-9295-3DC4E448CBF1}.Debug|Any CPU.ActiveCfg = Debug|Any CPU
		{606F2B37-FFD1-4E0C-9295-3DC4E448CBF1}.Debug|Any CPU.Build.0 = Debug|Any CPU
		{606F2B37-FFD1-4E0C-9295-3DC4E448CBF1}.Release|Any CPU.ActiveCfg = Release|Any CPU
		{606F2B37-FFD1-4E0C-9295-3DC4E448CBF1}.Release|Any CPU.Build.0 = Release|Any CPU
		{86CB9C7B-14B3-4FBC-B6AD-EA7920C3896C}.Debug|Any CPU.ActiveCfg = Debug|Any CPU
		{86CB9C7B-14B3-4FBC-B6AD-EA7920C3896C}.Debug|Any CPU.Build.0 = Debug|Any CPU
		{86CB9C7B-14B3-4FBC-B6AD-EA7920C3896C}.Release|Any CPU.ActiveCfg = Release|Any CPU
		{86CB9C7B-14B3-4FBC-B6AD-EA7920C3896C}.Release|Any CPU.Build.0 = Release|Any CPU
		{C8AC17B7-92DE-4497-B19D-25C525EBD808}.Debug|Any CPU.ActiveCfg = Debug|Any CPU
		{C8AC17B7-92DE-4497-B19D-25C525EBD808}.Debug|Any CPU.Build.0 = Debug|Any CPU
		{C8AC17B7-92DE-4497-B19D-25C525EBD808}.Release|Any CPU.ActiveCfg = Release|Any CPU
		{C8AC17B7-92DE-4497-B19D-25C525EBD808}.Release|Any CPU.Build.0 = Release|Any CPU
	EndGlobalSection
	GlobalSection(SolutionProperties) = preSolution
		HideSolutionNode = FALSE
	EndGlobalSection
	GlobalSection(NestedProjects) = preSolution
		{FD322937-B9F3-4E8D-A629-BF570E5DC260} = {A3CB34ED-DDC3-4088-9360-7887ECAF8E1E}
		{A3092BD0-CCAD-404C-B748-77DF6962A069} = {A3CB34ED-DDC3-4088-9360-7887ECAF8E1E}
		{606F2B37-FFD1-4E0C-9295-3DC4E448CBF1} = {54E1B7CB-6132-43D6-8882-79A09AB26E3A}
		{86CB9C7B-14B3-4FBC-B6AD-EA7920C3896C} = {54E1B7CB-6132-43D6-8882-79A09AB26E3A}
		{C8AC17B7-92DE-4497-B19D-25C525EBD808} = {54E1B7CB-6132-43D6-8882-79A09AB26E3A}
	EndGlobalSection
	GlobalSection(ExtensibilityGlobals) = postSolution
		SolutionGuid = {9915FBE8-198C-4046-AB98-70372232CC9B}
	EndGlobalSection
EndGlobal
