
Microsoft Visual Studio Solution File, Format Version 12.00
# Visual Studio 15
VisualStudioVersion = 15.0.27428.2005
MinimumVisualStudioVersion = 10.0.40219.1
Project("{FAE04EC0-301F-11D3-BF4B-00C04F79EFBC}") = "RuleSetDesigner", "RuleSetDesigner\RuleSetDesigner.csproj", "{FD322937-B9F3-4E8D-A629-BF570E5DC260}"
EndProject
Project("{FAE04EC0-301F-11D3-BF4B-00C04F79EFBC}") = "RuleSetDesignerLauncher", "RuleSetDesignerLauncher\RuleSetDesignerLauncher.csproj", "{A3092BD0-CCAD-404C-B748-77DF6962A069}"
EndProject
Global
	GlobalSection(SolutionConfigurationPlatforms) = preSolution
		Debug|Any CPU = Debug|Any CPU
		Release|Any CPU = Release|Any CPU
	EndGlobalSection
	GlobalSection(ProjectConfigurationPlatforms) = postSolution
		{FD322937-B9F3-4E8D-A629-BF570E5DC260}.Debug|Any CPU.ActiveCfg = Debug|Any CPU
		{FD322937-B9F3-4E8D-A629-BF570E5DC260}.Debug|Any CPU.Build.0 = Debug|Any CPU
		{FD322937-B9F3-4E8D-A629-BF570E5DC260}.Release|Any CPU.ActiveCfg = Release|Any CPU
		{FD322937-B9F3-4E8D-A629-BF570E5DC260}.Release|Any CPU.Build.0 = Release|Any CPU
		{A3092BD0-CCAD-404C-B748-77DF6962A069}.Debug|Any CPU.ActiveCfg = Debug|Any CPU
		{A3092BD0-CCAD-404C-B748-77DF6962A069}.Debug|Any CPU.Build.0 = Debug|Any CPU
		{A3092BD0-CCAD-404C-B748-77DF6962A069}.Release|Any CPU.ActiveCfg = Release|Any CPU
		{A3092BD0-CCAD-404C-B748-77DF6962A069}.Release|Any CPU.Build.0 = Release|Any CPU
	EndGlobalSection
	GlobalSection(SolutionProperties) = preSolution
		HideSolutionNode = FALSE
	EndGlobalSection
	GlobalSection(ExtensibilityGlobals) = postSolution
		SolutionGuid = {9915FBE8-198C-4046-AB98-70372232CC9B}
	EndGlobalSection
EndGlobal
